
Microsoft Visual Studio Solution File, Format Version 12.00
# Visual Studio Version 16
VisualStudioVersion = 16.0.34601.136
MinimumVisualStudioVersion = 10.0.40219.1
Project("{FAE04EC0-301F-11D3-BF4B-00C04F79EFBC}") = "LoginPage", "LoginPage.csproj", "{144BBB80-46C7-4342-A507-336D039266FE}"
EndProject
Global
	GlobalSection(SolutionConfigurationPlatforms) = preSolution
		Debug|Any CPU = Debug|Any CPU
		Release|Any CPU = Release|Any CPU
	EndGlobalSection
	GlobalSection(ProjectConfigurationPlatforms) = postSolution
		{144BBB80-46C7-4342-A507-336D039266FE}.Debug|Any CPU.ActiveCfg = Debug|Any CPU
		{144BBB80-46C7-4342-A507-336D039266FE}.Debug|Any CPU.Build.0 = Debug|Any CPU
		{144BBB80-46C7-4342-A507-336D039266FE}.Release|Any CPU.ActiveCfg = Release|Any CPU
		{144BBB80-46C7-4342-A507-336D039266FE}.Release|Any CPU.Build.0 = Release|Any CPU
	EndGlobalSection
	GlobalSection(SolutionProperties) = preSolution
		HideSolutionNode = FALSE
	EndGlobalSection
	GlobalSection(ExtensibilityGlobals) = postSolution
		SolutionGuid = {D680F388-AD47-4E26-AE5B-AEBBCBE1B3E5}
	EndGlobalSection
EndGlobal
