
Microsoft Visual Studio Solution File, Format Version 12.00
# Visual Studio Version 16
VisualStudioVersion = 16.0.34601.136
MinimumVisualStudioVersion = 10.0.40219.1
Project("{FAE04EC0-301F-11D3-BF4B-00C04F79EFBC}") = "StudentManagementSystem", "StudentManagementSystem.csproj", "{B1F652E0-F784-403E-A65B-3AEBC86CA625}"
EndProject
Global
	GlobalSection(SolutionConfigurationPlatforms) = preSolution
		Debug|Any CPU = Debug|Any CPU
		Release|Any CPU = Release|Any CPU
	EndGlobalSection
	GlobalSection(ProjectConfigurationPlatforms) = postSolution
		{B1F652E0-F784-403E-A65B-3AEBC86CA625}.Debug|Any CPU.ActiveCfg = Debug|Any CPU
		{B1F652E0-F784-403E-A65B-3AEBC86CA625}.Debug|Any CPU.Build.0 = Debug|Any CPU
		{B1F652E0-F784-403E-A65B-3AEBC86CA625}.Release|Any CPU.ActiveCfg = Release|Any CPU
		{B1F652E0-F784-403E-A65B-3AEBC86CA625}.Release|Any CPU.Build.0 = Release|Any CPU
	EndGlobalSection
	GlobalSection(SolutionProperties) = preSolution
		HideSolutionNode = FALSE
	EndGlobalSection
	GlobalSection(ExtensibilityGlobals) = postSolution
		SolutionGuid = {8A81AD75-43EC-4FD9-9CF0-1F0A1C4E7AAE}
	EndGlobalSection
EndGlobal
