
Microsoft Visual Studio Solution File, Format Version 12.00
# Visual Studio Version 16
VisualStudioVersion = 16.0.34601.136
MinimumVisualStudioVersion = 10.0.40219.1
Project("{FAE04EC0-301F-11D3-BF4B-00C04F79EFBC}") = "ReadDataFromDatabase", "ReadDataFromDatabase.csproj", "{23530113-EB32-4FCB-873D-DC330A7393A0}"
EndProject
Global
	GlobalSection(SolutionConfigurationPlatforms) = preSolution
		Debug|Any CPU = Debug|Any CPU
		Release|Any CPU = Release|Any CPU
	EndGlobalSection
	GlobalSection(ProjectConfigurationPlatforms) = postSolution
		{23530113-EB32-4FCB-873D-DC330A7393A0}.Debug|Any CPU.ActiveCfg = Debug|Any CPU
		{23530113-EB32-4FCB-873D-DC330A7393A0}.Debug|Any CPU.Build.0 = Debug|Any CPU
		{23530113-EB32-4FCB-873D-DC330A7393A0}.Release|Any CPU.ActiveCfg = Release|Any CPU
		{23530113-EB32-4FCB-873D-DC330A7393A0}.Release|Any CPU.Build.0 = Release|Any CPU
	EndGlobalSection
	GlobalSection(SolutionProperties) = preSolution
		HideSolutionNode = FALSE
	EndGlobalSection
	GlobalSection(ExtensibilityGlobals) = postSolution
		SolutionGuid = {768DC5AE-26CC-444D-A528-F8C9DFA06E56}
	EndGlobalSection
EndGlobal
