
Microsoft Visual Studio Solution File, Format Version 12.00
# Visual Studio Version 16
VisualStudioVersion = 16.0.34601.136
MinimumVisualStudioVersion = 10.0.40219.1
Project("{FAE04EC0-301F-11D3-BF4B-00C04F79EFBC}") = "Project", "Project.csproj", "{6B8797D9-E403-49DF-9B60-172A35E3E918}"
EndProject
Global
	GlobalSection(SolutionConfigurationPlatforms) = preSolution
		Debug|Any CPU = Debug|Any CPU
		Release|Any CPU = Release|Any CPU
	EndGlobalSection
	GlobalSection(ProjectConfigurationPlatforms) = postSolution
		{6B8797D9-E403-49DF-9B60-172A35E3E918}.Debug|Any CPU.ActiveCfg = Debug|Any CPU
		{6B8797D9-E403-49DF-9B60-172A35E3E918}.Debug|Any CPU.Build.0 = Debug|Any CPU
		{6B8797D9-E403-49DF-9B60-172A35E3E918}.Release|Any CPU.ActiveCfg = Release|Any CPU
		{6B8797D9-E403-49DF-9B60-172A35E3E918}.Release|Any CPU.Build.0 = Release|Any CPU
	EndGlobalSection
	GlobalSection(SolutionProperties) = preSolution
		HideSolutionNode = FALSE
	EndGlobalSection
	GlobalSection(ExtensibilityGlobals) = postSolution
		SolutionGuid = {E790564D-0C96-4A47-8076-0A63F251DC6D}
	EndGlobalSection
EndGlobal
